
Microsoft Visual Studio Solution File, Format Version 12.00
Project("{FAE04EC0-301F-11D3-BF4B-00C04F79EFBC}") = "OpenAPI", "OpenAPI\OpenAPI.csproj", "{791D5C14-B064-4A3B-9E14-3D3ACCA72853}"
EndProject
Project("{FAE04EC0-301F-11D3-BF4B-00C04F79EFBC}") = "Aggregator", "Aggregator\Aggregator.csproj", "{86211929-8B97-4957-B33D-519512A751A8}"
EndProject
Project("{FAE04EC0-301F-11D3-BF4B-00C04F79EFBC}") = "SharedLibrary", "SharedLibrary\SharedLibrary.csproj", "{E6844F6E-D6D5-4F8B-8DCF-8B8D80582236}"
EndProject
Global
	GlobalSection(SolutionConfigurationPlatforms) = preSolution
		Debug|Any CPU = Debug|Any CPU
		Release|Any CPU = Release|Any CPU
	EndGlobalSection
	GlobalSection(ProjectConfigurationPlatforms) = postSolution
		{791D5C14-B064-4A3B-9E14-3D3ACCA72853}.Debug|Any CPU.ActiveCfg = Debug|Any CPU
		{791D5C14-B064-4A3B-9E14-3D3ACCA72853}.Debug|Any CPU.Build.0 = Debug|Any CPU
		{791D5C14-B064-4A3B-9E14-3D3ACCA72853}.Release|Any CPU.ActiveCfg = Release|Any CPU
		{791D5C14-B064-4A3B-9E14-3D3ACCA72853}.Release|Any CPU.Build.0 = Release|Any CPU
		{86211929-8B97-4957-B33D-519512A751A8}.Debug|Any CPU.ActiveCfg = Debug|Any CPU
		{86211929-8B97-4957-B33D-519512A751A8}.Debug|Any CPU.Build.0 = Debug|Any CPU
		{86211929-8B97-4957-B33D-519512A751A8}.Release|Any CPU.ActiveCfg = Release|Any CPU
		{86211929-8B97-4957-B33D-519512A751A8}.Release|Any CPU.Build.0 = Release|Any CPU
		{E6844F6E-D6D5-4F8B-8DCF-8B8D80582236}.Debug|Any CPU.ActiveCfg = Debug|Any CPU
		{E6844F6E-D6D5-4F8B-8DCF-8B8D80582236}.Debug|Any CPU.Build.0 = Debug|Any CPU
		{E6844F6E-D6D5-4F8B-8DCF-8B8D80582236}.Release|Any CPU.ActiveCfg = Release|Any CPU
		{E6844F6E-D6D5-4F8B-8DCF-8B8D80582236}.Release|Any CPU.Build.0 = Release|Any CPU
	EndGlobalSection
EndGlobal
